
Microsoft Visual Studio Solution File, Format Version 12.00
# Visual Studio 15
VisualStudioVersion = 15.0.28307.902
MinimumVisualStudioVersion = 10.0.40219.1
Project("{FAE04EC0-301F-11D3-BF4B-00C04F79EFBC}") = "2048", "2048\2048.csproj", "{2C8B26F8-F9DC-4877-A52A-4DE19E6181B1}"
EndProject
Global
	GlobalSection(SolutionConfigurationPlatforms) = preSolution
		Debug|Any CPU = Debug|Any CPU
		Release|Any CPU = Release|Any CPU
	EndGlobalSection
	GlobalSection(ProjectConfigurationPlatforms) = postSolution
		{2C8B26F8-F9DC-4877-A52A-4DE19E6181B1}.Debug|Any CPU.ActiveCfg = Debug|Any CPU
		{2C8B26F8-F9DC-4877-A52A-4DE19E6181B1}.Debug|Any CPU.Build.0 = Debug|Any CPU
		{2C8B26F8-F9DC-4877-A52A-4DE19E6181B1}.Release|Any CPU.ActiveCfg = Release|Any CPU
		{2C8B26F8-F9DC-4877-A52A-4DE19E6181B1}.Release|Any CPU.Build.0 = Release|Any CPU
	EndGlobalSection
	GlobalSection(SolutionProperties) = preSolution
		HideSolutionNode = FALSE
	EndGlobalSection
	GlobalSection(ExtensibilityGlobals) = postSolution
		SolutionGuid = {D5448B1D-DB75-4FA5-BA54-D5EA949C75E6}
	EndGlobalSection
EndGlobal
